{
  "name": "re-find.web",
  "lockfileVersion": 2,
  "requires": true,
  "packages": {
    "": {
      "dependencies": {
        "codemirror": "5.44",
        "parinfer-codemirror": "^1.4.1"
      }
    },
    "node_modules/codemirror": {
      "version": "5.44.0",
      "resolved": "https://registry.npmjs.org/codemirror/-/codemirror-5.44.0.tgz",
      "integrity": "sha512-3l42syTNakCdCQuYeZJXTyxina6Y9i4V0ighSJXNCQtRbaCN76smKKLu1ZHPHQon3rnzC7l4i/0r4gp809K1wg=="
    },
    "node_modules/eve-raphael": {
      "version": "0.5.0",
      "resolved": "https://registry.npmjs.org/eve-raphael/-/eve-raphael-0.5.0.tgz",
      "integrity": "sha1-F8dUt5K+7z+maE15z1pHxjxM2jA="
    },
    "node_modules/parinfer": {
      "version": "3.10.0",
      "resolved": "https://registry.npmjs.org/parinfer/-/parinfer-3.10.0.tgz",
      "integrity": "sha1-zs6K9XmHjqiFBBw5qT9ayiRBYVI="
    },
    "node_modules/parinfer-codemirror": {
      "version": "1.4.1",
      "resolved": "https://registry.npmjs.org/parinfer-codemirror/-/parinfer-codemirror-1.4.1.tgz",
      "integrity": "sha1-JoeE82k0P2SIpcXSLtzaKVElKDU=",
      "dependencies": {
        "codemirror": "5.28.0",
        "parinfer": "3.10.0",
        "raphael": "2.2.7"
      }
    },
    "node_modules/parinfer-codemirror/node_modules/codemirror": {
      "version": "5.28.0",
      "resolved": "https://registry.npmjs.org/codemirror/-/codemirror-5.28.0.tgz",
      "integrity": "sha512-E/Z6050shti9v9ivl0dUClVRM4xaH204jsJmEpNYC6KDTlQwAz+5DdhLzn0tjaL/Mp1P0J1uhZokcSP2RFSwlA=="
    },
    "node_modules/raphael": {
      "version": "2.2.7",
      "resolved": "https://registry.npmjs.org/raphael/-/raphael-2.2.7.tgz",
      "integrity": "sha1-IxsZFB+NCGmG2PrOtm+LVi7iyBA=",
      "dependencies": {
        "eve-raphael": "0.5.0"
      }
    }
  },
  "dependencies": {
    "codemirror": {
      "version": "5.44.0",
      "resolved": "https://registry.npmjs.org/codemirror/-/codemirror-5.44.0.tgz",
      "integrity": "sha512-3l42syTNakCdCQuYeZJXTyxina6Y9i4V0ighSJXNCQtRbaCN76smKKLu1ZHPHQon3rnzC7l4i/0r4gp809K1wg=="
    },
    "eve-raphael": {
      "version": "0.5.0",
      "resolved": "https://registry.npmjs.org/eve-raphael/-/eve-raphael-0.5.0.tgz",
      "integrity": "sha1-F8dUt5K+7z+maE15z1pHxjxM2jA="
    },
    "parinfer": {
      "version": "3.10.0",
      "resolved": "https://registry.npmjs.org/parinfer/-/parinfer-3.10.0.tgz",
      "integrity": "sha1-zs6K9XmHjqiFBBw5qT9ayiRBYVI="
    },
    "parinfer-codemirror": {
      "version": "1.4.1",
      "resolved": "https://registry.npmjs.org/parinfer-codemirror/-/parinfer-codemirror-1.4.1.tgz",
      "integrity": "sha1-JoeE82k0P2SIpcXSLtzaKVElKDU=",
      "requires": {
        "codemirror": "5.28.0",
        "parinfer": "3.10.0",
        "raphael": "2.2.7"
      },
      "dependencies": {
        "codemirror": {
          "version": "5.28.0",
          "resolved": "https://registry.npmjs.org/codemirror/-/codemirror-5.28.0.tgz",
          "integrity": "sha512-E/Z6050shti9v9ivl0dUClVRM4xaH204jsJmEpNYC6KDTlQwAz+5DdhLzn0tjaL/Mp1P0J1uhZokcSP2RFSwlA=="
        }
      }
    },
    "raphael": {
      "version": "2.2.7",
      "resolved": "https://registry.npmjs.org/raphael/-/raphael-2.2.7.tgz",
      "integrity": "sha1-IxsZFB+NCGmG2PrOtm+LVi7iyBA=",
      "requires": {
        "eve-raphael": "0.5.0"
      }
    }
  }
}
